
Microsoft Visual Studio Solution File, Format Version 12.00
# Visual Studio Version 17
VisualStudioVersion = 17.2.32616.157
MinimumVisualStudioVersion = 10.0.40219.1
Project("{2150E333-8FDC-42A3-9474-1A3956D46DE8}") = "Solution Items", "Solution Items", "{ECCC7889-EB32-4CAF-B586-6B135A469715}"
	ProjectSection(SolutionItems) = preProject
		.editorconfig = .editorconfig
	EndProjectSection
EndProject
Project("{9A19103F-16F7-4668-BE54-9A1E7A4F7556}") = "CLFitness", "CLFitness\CLFitness.csproj", "{497950A1-DB24-4966-8CE1-A671A8A7CE03}"
EndProject
Project("{9A19103F-16F7-4668-BE54-9A1E7A4F7556}") = "WpfAdmin", "WpfAdmin\WpfAdmin.csproj", "{D8A8C8DE-D983-49E2-BE5D-FE47EB797F99}"
EndProject
Project("{9A19103F-16F7-4668-BE54-9A1E7A4F7556}") = "WpfCustomer", "WpfCustomer\WpfCustomer.csproj", "{C3390C6E-E168-4006-ABA8-1648895AF221}"
EndProject
Global
	GlobalSection(SolutionConfigurationPlatforms) = preSolution
		Debug|Any CPU = Debug|Any CPU
		Release|Any CPU = Release|Any CPU
	EndGlobalSection
	GlobalSection(ProjectConfigurationPlatforms) = postSolution
		{497950A1-DB24-4966-8CE1-A671A8A7CE03}.Debug|Any CPU.ActiveCfg = Debug|Any CPU
		{497950A1-DB24-4966-8CE1-A671A8A7CE03}.Debug|Any CPU.Build.0 = Debug|Any CPU
		{497950A1-DB24-4966-8CE1-A671A8A7CE03}.Release|Any CPU.ActiveCfg = Release|Any CPU
		{497950A1-DB24-4966-8CE1-A671A8A7CE03}.Release|Any CPU.Build.0 = Release|Any CPU
		{D8A8C8DE-D983-49E2-BE5D-FE47EB797F99}.Debug|Any CPU.ActiveCfg = Debug|Any CPU
		{D8A8C8DE-D983-49E2-BE5D-FE47EB797F99}.Debug|Any CPU.Build.0 = Debug|Any CPU
		{D8A8C8DE-D983-49E2-BE5D-FE47EB797F99}.Release|Any CPU.ActiveCfg = Release|Any CPU
		{D8A8C8DE-D983-49E2-BE5D-FE47EB797F99}.Release|Any CPU.Build.0 = Release|Any CPU
		{C3390C6E-E168-4006-ABA8-1648895AF221}.Debug|Any CPU.ActiveCfg = Debug|Any CPU
		{C3390C6E-E168-4006-ABA8-1648895AF221}.Debug|Any CPU.Build.0 = Debug|Any CPU
		{C3390C6E-E168-4006-ABA8-1648895AF221}.Release|Any CPU.ActiveCfg = Release|Any CPU
		{C3390C6E-E168-4006-ABA8-1648895AF221}.Release|Any CPU.Build.0 = Release|Any CPU
	EndGlobalSection
	GlobalSection(SolutionProperties) = preSolution
		HideSolutionNode = FALSE
	EndGlobalSection
	GlobalSection(ExtensibilityGlobals) = postSolution
		SolutionGuid = {268DBB17-8869-4E75-BCD8-560270148A30}
	EndGlobalSection
EndGlobal
